// !$*UTF8*$!
{
	archiveVersion = 1;
	classes = {
	};
	objectVersion = 50;
	objects = {

/* Begin PBXBuildFile section */
		9BE96AC221139D1500D94929 /* AppDelegate.swift in Sources */ = {isa = PBXBuildFile; fileRef = 9BE96AC121139D1500D94929 /* AppDelegate.swift */; };
		9BE96AC421139D1500D94929 /* ViewController.swift in Sources */ = {isa = PBXBuildFile; fileRef = 9BE96AC321139D1500D94929 /* ViewController.swift */; };
		9BE96AC721139D1500D94929 /* Main.storyboard in Resources */ = {isa = PBXBuildFile; fileRef = 9BE96AC521139D1500D94929 /* Main.storyboard */; };
		9BE96AC921139D1900D94929 /* Assets.xcassets in Resources */ = {isa = PBXBuildFile; fileRef = 9BE96AC821139D1900D94929 /* Assets.xcassets */; };
		9BE96ACC21139D1900D94929 /* LaunchScreen.storyboard in Resources */ = {isa = PBXBuildFile; fileRef = 9BE96ACA21139D1900D94929 /* LaunchScreen.storyboard */; };
/* End PBXBuildFile section */

/* Begin PBXContainerItemProxy section */
		9BE96AD92114949400D94929 /* PBXContainerItemProxy */ = {
			isa = PBXContainerItemProxy;
			containerPortal = 9BE96AD32114949400D94929 /* BarometerKit.xcodeproj */;
			proxyType = 2;
			remoteGlobalIDString = 9B78170521123484003883D6;
			remoteInfo = BarometerKit;
		};
		9BE96ADB2114949400D94929 /* PBXContainerItemProxy */ = {
			isa = PBXContainerItemProxy;
			containerPortal = 9BE96AD32114949400D94929 /* BarometerKit.xcodeproj */;
			proxyType = 2;
			remoteGlobalIDString = 9B78170E21123484003883D6;
			remoteInfo = BarometerKitTests;
		};
		9BE96ADD2114949400D94929 /* PBXContainerItemProxy */ = {
			isa = PBXContainerItemProxy;
			containerPortal = 9BE96AD32114949400D94929 /* BarometerKit.xcodeproj */;
			proxyType = 2;
			remoteGlobalIDString = 9BB4534921125C8C007CA948;
			remoteInfo = BarometerKitTestHost;
		};
/* End PBXContainerItemProxy section */

/* Begin PBXFileReference section */
		9BE96ABE21139D1500D94929 /* BarometerKitDemo.app */ = {isa = PBXFileReference; explicitFileType = wrapper.application; includeInIndex = 0; path = BarometerKitDemo.app; sourceTree = BUILT_PRODUCTS_DIR; };
		9BE96AC121139D1500D94929 /* AppDelegate.swift */ = {isa = PBXFileReference; lastKnownFileType = sourcecode.swift; path = AppDelegate.swift; sourceTree = "<group>"; };
		9BE96AC321139D1500D94929 /* ViewController.swift */ = {isa = PBXFileReference; lastKnownFileType = sourcecode.swift; path = ViewController.swift; sourceTree = "<group>"; };
		9BE96AC621139D1500D94929 /* Base */ = {isa = PBXFileReference; lastKnownFileType = file.storyboard; name = Base; path = Base.lproj/Main.storyboard; sourceTree = "<group>"; };
		9BE96AC821139D1900D94929 /* Assets.xcassets */ = {isa = PBXFileReference; lastKnownFileType = folder.assetcatalog; path = Assets.xcassets; sourceTree = "<group>"; };
		9BE96ACB21139D1900D94929 /* Base */ = {isa = PBXFileReference; lastKnownFileType = file.storyboard; name = Base; path = Base.lproj/LaunchScreen.storyboard; sourceTree = "<group>"; };
		9BE96ACD21139D1900D94929 /* Info.plist */ = {isa = PBXFileReference; lastKnownFileType = text.plist.xml; path = Info.plist; sourceTree = "<group>"; };
		9BE96AD32114949400D94929 /* BarometerKit.xcodeproj */ = {isa = PBXFileReference; lastKnownFileType = "wrapper.pb-project"; name = BarometerKit.xcodeproj; path = ../BarometerKit/BarometerKit.xcodeproj; sourceTree = "<group>"; };
/* End PBXFileReference section */

/* Begin PBXFrameworksBuildPhase section */
		9BE96ABB21139D1500D94929 /* Frameworks */ = {
			isa = PBXFrameworksBuildPhase;
			buildActionMask = 2147483647;
			files = (
			);
			runOnlyForDeploymentPostprocessing = 0;
		};
/* End PBXFrameworksBuildPhase section */

/* Begin PBXGroup section */
		9BE96AB521139D1500D94929 = {
			isa = PBXGroup;
			children = (
				9BE96AD32114949400D94929 /* BarometerKit.xcodeproj */,
				9BE96AC021139D1500D94929 /* BarometerKitDemo */,
				9BE96ABF21139D1500D94929 /* Products */,
			);
			sourceTree = "<group>";
		};
		9BE96ABF21139D1500D94929 /* Products */ = {
			isa = PBXGroup;
			children = (
				9BE96ABE21139D1500D94929 /* BarometerKitDemo.app */,
			);
			name = Products;
			sourceTree = "<group>";
		};
		9BE96AC021139D1500D94929 /* BarometerKitDemo */ = {
			isa = PBXGroup;
			children = (
				9BE96AC121139D1500D94929 /* AppDelegate.swift */,
				9BE96AC321139D1500D94929 /* ViewController.swift */,
				9BE96AC521139D1500D94929 /* Main.storyboard */,
				9BE96AC821139D1900D94929 /* Assets.xcassets */,
				9BE96ACA21139D1900D94929 /* LaunchScreen.storyboard */,
				9BE96ACD21139D1900D94929 /* Info.plist */,
			);
			path = BarometerKitDemo;
			sourceTree = "<group>";
		};
		9BE96AD42114949400D94929 /* Products */ = {
			isa = PBXGroup;
			children = (
				9BE96ADA2114949400D94929 /* BarometerKit.framework */,
				9BE96ADC2114949400D94929 /* BarometerKitTests.xctest */,
				9BE96ADE2114949400D94929 /* BarometerKitTestHost.app */,
			);
			name = Products;
			sourceTree = "<group>";
		};
/* End PBXGroup section */

/* Begin PBXNativeTarget section */
		9BE96ABD21139D1500D94929 /* BarometerKitDemo */ = {
			isa = PBXNativeTarget;
			buildConfigurationList = 9BE96AD021139D1900D94929 /* Build configuration list for PBXNativeTarget "BarometerKitDemo" */;
			buildPhases = (
				9BE96ABA21139D1500D94929 /* Sources */,
				9BE96ABB21139D1500D94929 /* Frameworks */,
				9BE96ABC21139D1500D94929 /* Resources */,
			);
			buildRules = (
			);
			dependencies = (
			);
			name = BarometerKitDemo;
			productName = BarometerKitDemo;
			productReference = 9BE96ABE21139D1500D94929 /* BarometerKitDemo.app */;
			productType = "com.apple.product-type.application";
		};
/* End PBXNativeTarget section */

/* Begin PBXProject section */
		9BE96AB621139D1500D94929 /* Project object */ = {
			isa = PBXProject;
			attributes = {
				LastSwiftUpdateCheck = 0940;
				LastUpgradeCheck = 0940;
				ORGANIZATIONNAME = "Haptic Software";
				TargetAttributes = {
					9BE96ABD21139D1500D94929 = {
						CreatedOnToolsVersion = 9.4.1;
					};
				};
			};
			buildConfigurationList = 9BE96AB921139D1500D94929 /* Build configuration list for PBXProject "BarometerKitDemo" */;
			compatibilityVersion = "Xcode 9.3";
			developmentRegion = en;
			hasScannedForEncodings = 0;
			knownRegions = (
				en,
				Base,
			);
			mainGroup = 9BE96AB521139D1500D94929;
			productRefGroup = 9BE96ABF21139D1500D94929 /* Products */;
			projectDirPath = "";
			projectReferences = (
				{
					ProductGroup = 9BE96AD42114949400D94929 /* Products */;
					ProjectRef = 9BE96AD32114949400D94929 /* BarometerKit.xcodeproj */;
				},
			);
			projectRoot = "";
			targets = (
				9BE96ABD21139D1500D94929 /* BarometerKitDemo */,
			);
		};
/* End PBXProject section */

/* Begin PBXReferenceProxy section */
		9BE96ADA2114949400D94929 /* BarometerKit.framework */ = {
			isa = PBXReferenceProxy;
			fileType = wrapper.framework;
			path = BarometerKit.framework;
			remoteRef = 9BE96AD92114949400D94929 /* PBXContainerItemProxy */;
			sourceTree = BUILT_PRODUCTS_DIR;
		};
		9BE96ADC2114949400D94929 /* BarometerKitTests.xctest */ = {
			isa = PBXReferenceProxy;
			fileType = wrapper.cfbundle;
			path = BarometerKitTests.xctest;
			remoteRef = 9BE96ADB2114949400D94929 /* PBXContainerItemProxy */;
			sourceTree = BUILT_PRODUCTS_DIR;
		};
		9BE96ADE2114949400D94929 /* BarometerKitTestHost.app */ = {
			isa = PBXReferenceProxy;
			fileType = wrapper.application;
			path = BarometerKitTestHost.app;
			remoteRef = 9BE96ADD2114949400D94929 /* PBXContainerItemProxy */;
			sourceTree = BUILT_PRODUCTS_DIR;
		};
/* End PBXReferenceProxy section */

/* Begin PBXResourcesBuildPhase section */
		9BE96ABC21139D1500D94929 /* Resources */ = {
			isa = PBXResourcesBuildPhase;
			buildActionMask = 2147483647;
			files = (
				9BE96ACC21139D1900D94929 /* LaunchScreen.storyboard in Resources */,
				9BE96AC921139D1900D94929 /* Assets.xcassets in Resources */,
				9BE96AC721139D1500D94929 /* Main.storyboard in Resources */,
			);
			runOnlyForDeploymentPostprocessing = 0;
		};
/* End PBXResourcesBuildPhase section */

/* Begin PBXSourcesBuildPhase section */
		9BE96ABA21139D1500D94929 /* Sources */ = {
			isa = PBXSourcesBuildPhase;
			buildActionMask = 2147483647;
			files = (
				9BE96AC421139D1500D94929 /* ViewController.swift in Sources */,
				9BE96AC221139D1500D94929 /* AppDelegate.swift in Sources */,
			);
			runOnlyForDeploymentPostprocessing = 0;
		};
/* End PBXSourcesBuildPhase section */

/* Begin PBXVariantGroup section */
		9BE96AC521139D1500D94929 /* Main.storyboard */ = {
			isa = PBXVariantGroup;
			children = (
				9BE96AC621139D1500D94929 /* Base */,
			);
			name = Main.storyboard;
			sourceTree = "<group>";
		};
		9BE96ACA21139D1900D94929 /* LaunchScreen.storyboard */ = {
			isa = PBXVariantGroup;
			children = (
				9BE96ACB21139D1900D94929 /* Base */,
			);
			name = LaunchScreen.storyboard;
			sourceTree = "<group>";
		};
/* End PBXVariantGroup section */

/* Begin XCBuildConfiguration section */
		9BE96ACE21139D1900D94929 /* Debug */ = {
			isa = XCBuildConfiguration;
			buildSettings = {
				ALWAYS_SEARCH_USER_PATHS = NO;
				CLANG_ANALYZER_NONNULL = YES;
				CLANG_ANALYZER_NUMBER_OBJECT_CONVERSION = YES_AGGRESSIVE;
				CLANG_CXX_LANGUAGE_STANDARD = "gnu++14";
				CLANG_CXX_LIBRARY = "libc++";
				CLANG_ENABLE_MODULES = YES;
				CLANG_ENABLE_OBJC_ARC = YES;
				CLANG_ENABLE_OBJC_WEAK = YES;
				CLANG_WARN_BLOCK_CAPTURE_AUTORELEASING = YES;
				CLANG_WARN_BOOL_CONVERSION = YES;
				CLANG_WARN_COMMA = YES;
				CLANG_WARN_CONSTANT_CONVERSION = YES;
				CLANG_WARN_DEPRECATED_OBJC_IMPLEMENTATIONS = YES;
				CLANG_WARN_DIRECT_OBJC_ISA_USAGE = YES_ERROR;
				CLANG_WARN_DOCUMENTATION_COMMENTS = YES;
				CLANG_WARN_EMPTY_BODY = YES;
				CLANG_WARN_ENUM_CONVERSION = YES;
				CLANG_WARN_INFINITE_RECURSION = YES;
				CLANG_WARN_INT_CONVERSION = YES;
				CLANG_WARN_NON_LITERAL_NULL_CONVERSION = YES;
				CLANG_WARN_OBJC_IMPLICIT_RETAIN_SELF = YES;
				CLANG_WARN_OBJC_LITERAL_CONVERSION = YES;
				CLANG_WARN_OBJC_ROOT_CLASS = YES_ERROR;
				CLANG_WARN_RANGE_LOOP_ANALYSIS = YES;
				CLANG_WARN_STRICT_PROTOTYPES = YES;
				CLANG_WARN_SUSPICIOUS_MOVE = YES;
				CLANG_WARN_UNGUARDED_AVAILABILITY = YES_AGGRESSIVE;
				CLANG_WARN_UNREACHABLE_CODE = YES;
				CLANG_WARN__DUPLICATE_METHOD_MATCH = YES;
				CODE_SIGN_IDENTITY = "iPhone Developer";
				COPY_PHASE_STRIP = NO;
				DEBUG_INFORMATION_FORMAT = dwarf;
				ENABLE_STRICT_OBJC_MSGSEND = YES;
				ENABLE_TESTABILITY = YES;
				GCC_C_LANGUAGE_STANDARD = gnu11;
				GCC_DYNAMIC_NO_PIC = NO;
				GCC_NO_COMMON_BLOCKS = YES;
				GCC_OPTIMIZATION_LEVEL = 0;
				GCC_PREPROCESSOR_DEFINITIONS = (
					"DEBUG=1",
					"$(inherited)",
				);
				GCC_WARN_64_TO_32_BIT_CONVERSION = YES;
				GCC_WARN_ABOUT_RETURN_TYPE = YES_ERROR;
				GCC_WARN_UNDECLARED_SELECTOR = YES;
				GCC_WARN_UNINITIALIZED_AUTOS = YES_AGGRESSIVE;
				GCC_WARN_UNUSED_FUNCTION = YES;
				GCC_WARN_UNUSED_VARIABLE = YES;
				IPHONEOS_DEPLOYMENT_TARGET = 11.4;
				MTL_ENABLE_DEBUG_INFO = YES;
				ONLY_ACTIVE_ARCH = YES;
				SDKROOT = iphoneos;
				SWIFT_ACTIVE_COMPILATION_CONDITIONS = DEBUG;
				SWIFT_OPTIMIZATION_LEVEL = "-Onone";
			};
			name = Debug;
		};
		9BE96ACF21139D1900D94929 /* Release */ = {
			isa = XCBuildConfiguration;
			buildSettings = {
				ALWAYS_SEARCH_USER_PATHS = NO;
				CLANG_ANALYZER_NONNULL = YES;
				CLANG_ANALYZER_NUMBER_OBJECT_CONVERSION = YES_AGGRESSIVE;
				CLANG_CXX_LANGUAGE_STANDARD = "gnu++14";
				CLANG_CXX_LIBRARY = "libc++";
				CLANG_ENABLE_MODULES = YES;
				CLANG_ENABLE_OBJC_ARC = YES;
				CLANG_ENABLE_OBJC_WEAK = YES;
				CLANG_WARN_BLOCK_CAPTURE_AUTORELEASING = YES;
				CLANG_WARN_BOOL_CONVERSION = YES;
				CLANG_WARN_COMMA = YES;
				CLANG_WARN_CONSTANT_CONVERSION = YES;
				CLANG_WARN_DEPRECATED_OBJC_IMPLEMENTATIONS = YES;
				CLANG_WARN_DIRECT_OBJC_ISA_USAGE = YES_ERROR;
				CLANG_WARN_DOCUMENTATION_COMMENTS = YES;
				CLANG_WARN_EMPTY_BODY = YES;
				CLANG_WARN_ENUM_CONVERSION = YES;
				CLANG_WARN_INFINITE_RECURSION = YES;
				CLANG_WARN_INT_CONVERSION = YES;
				CLANG_WARN_NON_LITERAL_NULL_CONVERSION = YES;
				CLANG_WARN_OBJC_IMPLICIT_RETAIN_SELF = YES;
				CLANG_WARN_OBJC_LITERAL_CONVERSION = YES;
				CLANG_WARN_OBJC_ROOT_CLASS = YES_ERROR;
				CLANG_WARN_RANGE_LOOP_ANALYSIS = YES;
				CLANG_WARN_STRICT_PROTOTYPES = YES;
				CLANG_WARN_SUSPICIOUS_MOVE = YES;
				CLANG_WARN_UNGUARDED_AVAILABILITY = YES_AGGRESSIVE;
				CLANG_WARN_UNREACHABLE_CODE = YES;
				CLANG_WARN__DUPLICATE_METHOD_MATCH = YES;
				CODE_SIGN_IDENTITY = "iPhone Developer";
				COPY_PHASE_STRIP = NO;
				DEBUG_INFORMATION_FORMAT = "dwarf-with-dsym";
				ENABLE_NS_ASSERTIONS = NO;
				ENABLE_STRICT_OBJC_MSGSEND = YES;
				GCC_C_LANGUAGE_STANDARD = gnu11;
				GCC_NO_COMMON_BLOCKS = YES;
				GCC_WARN_64_TO_32_BIT_CONVERSION = YES;
				GCC_WARN_ABOUT_RETURN_TYPE = YES_ERROR;
				GCC_WARN_UNDECLARED_SELECTOR = YES;
				GCC_WARN_UNINITIALIZED_AUTOS = YES_AGGRESSIVE;
				GCC_WARN_UNUSED_FUNCTION = YES;
				GCC_WARN_UNUSED_VARIABLE = YES;
				IPHONEOS_DEPLOYMENT_TARGET = 11.4;
				MTL_ENABLE_DEBUG_INFO = NO;
				SDKROOT = iphoneos;
				SWIFT_COMPILATION_MODE = wholemodule;
				SWIFT_OPTIMIZATION_LEVEL = "-O";
				VALIDATE_PRODUCT = YES;
			};
			name = Release;
		};
		9BE96AD121139D1900D94929 /* Debug */ = {
			isa = XCBuildConfiguration;
			buildSettings = {
				ASSETCATALOG_COMPILER_APPICON_NAME = AppIcon;
				CODE_SIGN_STYLE = Automatic;
				DEVELOPMENT_TEAM = C79KT6Q3L6;
				INFOPLIST_FILE = BarometerKitDemo/Info.plist;
				LD_RUNPATH_SEARCH_PATHS = (
					"$(inherited)",
					"@executable_path/Frameworks",
				);
				PRODUCT_BUNDLE_IDENTIFIER = hapticsoft.BarometerKitDemo;
				PRODUCT_NAME = "$(TARGET_NAME)";
				SWIFT_VERSION = 4.0;
				TARGETED_DEVICE_FAMILY = "1,2";
			};
			name = Debug;
		};
		9BE96AD221139D1900D94929 /* Release */ = {
			isa = XCBuildConfiguration;
			buildSettings = {
				ASSETCATALOG_COMPILER_APPICON_NAME = AppIcon;
				CODE_SIGN_STYLE = Automatic;
				DEVELOPMENT_TEAM = C79KT6Q3L6;
				INFOPLIST_FILE = BarometerKitDemo/Info.plist;
				LD_RUNPATH_SEARCH_PATHS = (
					"$(inherited)",
					"@executable_path/Frameworks",
				);
				PRODUCT_BUNDLE_IDENTIFIER = hapticsoft.BarometerKitDemo;
				PRODUCT_NAME = "$(TARGET_NAME)";
				SWIFT_VERSION = 4.0;
				TARGETED_DEVICE_FAMILY = "1,2";
			};
			name = Release;
		};
/* End XCBuildConfiguration section */

/* Begin XCConfigurationList section */
		9BE96AB921139D1500D94929 /* Build configuration list for PBXProject "BarometerKitDemo" */ = {
			isa = XCConfigurationList;
			buildConfigurations = (
				9BE96ACE21139D1900D94929 /* Debug */,
				9BE96ACF21139D1900D94929 /* Release */,
			);
			defaultConfigurationIsVisible = 0;
			defaultConfigurationName = Release;
		};
		9BE96AD021139D1900D94929 /* Build configuration list for PBXNativeTarget "BarometerKitDemo" */ = {
			isa = XCConfigurationList;
			buildConfigurations = (
				9BE96AD121139D1900D94929 /* Debug */,
				9BE96AD221139D1900D94929 /* Release */,
			);
			defaultConfigurationIsVisible = 0;
			defaultConfigurationName = Release;
		};
/* End XCConfigurationList section */
	};
	rootObject = 9BE96AB621139D1500D94929 /* Project object */;
}
